# This file is generated by running "yarn install" inside your project.
# Manual changes might be lost - proceed with caution!

__metadata:
  version: 8
  cacheKey: 10c0

"@epic-web/invariant@npm:^1.0.0":
  version: 1.0.0
  resolution: "@epic-web/invariant@npm:1.0.0"
  checksum: 10c0/72dbeb026e4e4eb3bc9c65739b91408ca77ab7d603a2494fa2eff3790ec22892c4caba751cffdf30f5ccf0e7ba79c1e9c96cf0a357404b9432bf1365baac23ca
  languageName: node
  linkType: hard

"cross-env@npm:10.0.0":
  version: 10.0.0
  resolution: "cross-env@npm:10.0.0"
  dependencies:
    "@epic-web/invariant": "npm:^1.0.0"
    cross-spawn: "npm:^7.0.6"
  bin:
    cross-env: dist/bin/cross-env.js
    cross-env-shell: dist/bin/cross-env-shell.js
  checksum: 10c0/d16ffc3734106577d57b6253d81ab50294623bd59f96e161033eaf99c1c308ffbaba8463c23a6c0f72e841eff467cb7007a0a551f27554fcf2bbf6598cd828f9
  languageName: node
  linkType: hard

"cross-spawn@npm:^7.0.6":
  version: 7.0.6
  resolution: "cross-spawn@npm:7.0.6"
  dependencies:
    path-key: "npm:^3.1.0"
    shebang-command: "npm:^2.0.0"
    which: "npm:^2.0.1"
  checksum: 10c0/053ea8b2135caff68a9e81470e845613e374e7309a47731e81639de3eaeb90c3d01af0e0b44d2ab9d50b43467223b88567dfeb3262db942dc063b9976718ffc1
  languageName: node
  linkType: hard

"foo-a@workspace:, foo-a@workspace:utils/foos/foo-a":
  version: 0.0.0-use.local
  resolution: "foo-a@workspace:utils/foos/foo-a"
  dependencies:
    foo-b: "workspace:"
  languageName: unknown
  linkType: soft

"foo-b@workspace:, foo-b@workspace:utils/foos/foo-b":
  version: 0.0.0-use.local
  resolution: "foo-b@workspace:utils/foos/foo-b"
  languageName: unknown
  linkType: soft

"isexe@npm:^2.0.0":
  version: 2.0.0
  resolution: "isexe@npm:2.0.0"
  checksum: 10c0/228cfa503fadc2c31596ab06ed6aa82c9976eec2bfd83397e7eaf06d0ccf42cd1dfd6743bf9aeb01aebd4156d009994c5f76ea898d2832c1fe342da923ca457d
  languageName: node
  linkType: hard

"js-tokens@npm:^3.0.0 || ^4.0.0":
  version: 4.0.0
  resolution: "js-tokens@npm:4.0.0"
  checksum: 10c0/e248708d377aa058eacf2037b07ded847790e6de892bbad3dac0abba2e759cb9f121b00099a65195616badcb6eca8d14d975cb3e89eb1cfda644756402c8aeed
  languageName: node
  linkType: hard

"loose-envify@npm:^1.1.0":
  version: 1.4.0
  resolution: "loose-envify@npm:1.4.0"
  dependencies:
    js-tokens: "npm:^3.0.0 || ^4.0.0"
  bin:
    loose-envify: cli.js
  checksum: 10c0/655d110220983c1a4b9c0c679a2e8016d4b67f6e9c7b5435ff5979ecdb20d0813f4dec0a08674fcbdd4846a3f07edbb50a36811fd37930b94aaa0d9daceb017e
  languageName: node
  linkType: hard

"path-key@npm:^3.1.0":
  version: 3.1.1
  resolution: "path-key@npm:3.1.1"
  checksum: 10c0/748c43efd5a569c039d7a00a03b58eecd1d75f3999f5a28303d75f521288df4823bc057d8784eb72358b2895a05f29a070bc9f1f17d28226cc4e62494cc58c4c
  languageName: node
  linkType: hard

"react@npm:^18.0.0":
  version: 18.3.1
  resolution: "react@npm:18.3.1"
  dependencies:
    loose-envify: "npm:^1.1.0"
  checksum: 10c0/283e8c5efcf37802c9d1ce767f302dd569dd97a70d9bb8c7be79a789b9902451e0d16334b05d73299b20f048cbc3c7d288bbbde10b701fa194e2089c237dbea3
  languageName: node
  linkType: hard

"shebang-command@npm:^2.0.0":
  version: 2.0.0
  resolution: "shebang-command@npm:2.0.0"
  dependencies:
    shebang-regex: "npm:^3.0.0"
  checksum: 10c0/a41692e7d89a553ef21d324a5cceb5f686d1f3c040759c50aab69688634688c5c327f26f3ecf7001ebfd78c01f3c7c0a11a7c8bfd0a8bc9f6240d4f40b224e4e
  languageName: node
  linkType: hard

"shebang-regex@npm:^3.0.0":
  version: 3.0.0
  resolution: "shebang-regex@npm:3.0.0"
  checksum: 10c0/1dbed0726dd0e1152a92696c76c7f06084eb32a90f0528d11acd764043aacf76994b2fb30aa1291a21bd019d6699164d048286309a278855ee7bec06cf6fb690
  languageName: node
  linkType: hard

"typescript@npm:latest":
  version: 5.8.3
  resolution: "typescript@npm:5.8.3"
  bin:
    tsc: bin/tsc
    tsserver: bin/tsserver
  checksum: 10c0/5f8bb01196e542e64d44db3d16ee0e4063ce4f3e3966df6005f2588e86d91c03e1fb131c2581baf0fb65ee79669eea6e161cd448178986587e9f6844446dbb48
  languageName: node
  linkType: hard

"typescript@patch:typescript@npm%3Alatest#optional!builtin<compat/typescript>":
  version: 5.8.3
  resolution: "typescript@patch:typescript@npm%3A5.8.3#optional!builtin<compat/typescript>::version=5.8.3&hash=5786d5"
  bin:
    tsc: bin/tsc
    tsserver: bin/tsserver
  checksum: 10c0/39117e346ff8ebd87ae1510b3a77d5d92dae5a89bde588c747d25da5c146603a99c8ee588c7ef80faaf123d89ed46f6dbd918d534d641083177d5fac38b8a1cb
  languageName: node
  linkType: hard

"which@npm:^2.0.1":
  version: 2.0.2
  resolution: "which@npm:2.0.2"
  dependencies:
    isexe: "npm:^2.0.0"
  bin:
    node-which: ./bin/node-which
  checksum: 10c0/66522872a768b60c2a65a57e8ad184e5372f5b6a9ca6d5f033d4b0dc98aff63995655a7503b9c0a2598936f532120e81dd8cc155e2e92ed662a2b9377cc4374f
  languageName: node
  linkType: hard

"workspace-a@workspace:workspace-a":
  version: 0.0.0-use.local
  resolution: "workspace-a@workspace:workspace-a"
  dependencies:
    foo-a: "workspace:"
    workspace-b: "workspace:"
  languageName: unknown
  linkType: soft

"workspace-b@workspace:, workspace-b@workspace:workspace-b":
  version: 0.0.0-use.local
  resolution: "workspace-b@workspace:workspace-b"
  dependencies:
    cross-env: "catalog:next"
    foo-b: "workspace:"
    react: "npm:^18.0.0"
  languageName: unknown
  linkType: soft

"workspace-c@workspace:, workspace-c@workspace:shared/workspace-c":
  version: 0.0.0-use.local
  resolution: "workspace-c@workspace:shared/workspace-c"
  dependencies:
    cross-env: "catalog:"
  peerDependencies:
    foo-a: "workspace:"
  languageName: unknown
  linkType: soft

"workspace-d@workspace:shared/workspace-d":
  version: 0.0.0-use.local
  resolution: "workspace-d@workspace:shared/workspace-d"
  dependencies:
    workspace-c: "workspace:"
  languageName: unknown
  linkType: soft

"yarn-workspace@workspace:.":
  version: 0.0.0-use.local
  resolution: "yarn-workspace@workspace:."
  dependencies:
    typescript: "npm:latest"
  languageName: unknown
  linkType: soft
