# This file is generated by running "yarn install" inside your project.
# Manual changes might be lost - proceed with caution!

__metadata:
  version: 8
  cacheKey: 10c0

"cross-env@npm:5.0.5":
  version: 5.0.5
  resolution: "cross-env@npm:5.0.5"
  dependencies:
    cross-spawn: "npm:^5.1.0"
    is-windows: "npm:^1.0.0"
  bin:
    cross-env: dist/bin/cross-env.js
    cross-env-shell: dist/bin/cross-env-shell.js
  checksum: 10c0/9d98c1cbb2dc95b6f115993d460652862bc1199700853801928844fced08a9c0c2a03bb65bf199a3b07a3a0900c138d66020df8d20762cfe951f2313d98176c4
  languageName: node
  linkType: hard

"cross-env@npm:7.0.3":
  version: 7.0.3
  resolution: "cross-env@npm:7.0.3"
  dependencies:
    cross-spawn: "npm:^7.0.1"
  bin:
    cross-env: src/bin/cross-env.js
    cross-env-shell: src/bin/cross-env-shell.js
  checksum: 10c0/f3765c25746c69fcca369655c442c6c886e54ccf3ab8c16847d5ad0e91e2f337d36eedc6599c1227904bf2a228d721e690324446876115bc8e7b32a866735ecf
  languageName: node
  linkType: hard

"cross-spawn@npm:^5.1.0":
  version: 5.1.0
  resolution: "cross-spawn@npm:5.1.0"
  dependencies:
    lru-cache: "npm:^4.0.1"
    shebang-command: "npm:^1.2.0"
    which: "npm:^1.2.9"
  checksum: 10c0/1918621fddb9f8c61e02118b2dbf81f611ccd1544ceaca0d026525341832b8511ce2504c60f935dbc06b35e5ef156fe8c1e72708c27dd486f034e9c0e1e07201
  languageName: node
  linkType: hard

"cross-spawn@npm:^7.0.1":
  version: 7.0.6
  resolution: "cross-spawn@npm:7.0.6"
  dependencies:
    path-key: "npm:^3.1.0"
    shebang-command: "npm:^2.0.0"
    which: "npm:^2.0.1"
  checksum: 10c0/053ea8b2135caff68a9e81470e845613e374e7309a47731e81639de3eaeb90c3d01af0e0b44d2ab9d50b43467223b88567dfeb3262db942dc063b9976718ffc1
  languageName: node
  linkType: hard

"foo-a@workspace:, foo-a@workspace:utils/foos/foo-a":
  version: 0.0.0-use.local
  resolution: "foo-a@workspace:utils/foos/foo-a"
  dependencies:
    foo-b: "workspace:"
  languageName: unknown
  linkType: soft

"foo-b@workspace:, foo-b@workspace:utils/foos/foo-b":
  version: 0.0.0-use.local
  resolution: "foo-b@workspace:utils/foos/foo-b"
  languageName: unknown
  linkType: soft

"is-windows@npm:^1.0.0":
  version: 1.0.2
  resolution: "is-windows@npm:1.0.2"
  checksum: 10c0/b32f418ab3385604a66f1b7a3ce39d25e8881dee0bd30816dc8344ef6ff9df473a732bcc1ec4e84fe99b2f229ae474f7133e8e93f9241686cfcf7eebe53ba7a5
  languageName: node
  linkType: hard

"isexe@npm:^2.0.0":
  version: 2.0.0
  resolution: "isexe@npm:2.0.0"
  checksum: 10c0/228cfa503fadc2c31596ab06ed6aa82c9976eec2bfd83397e7eaf06d0ccf42cd1dfd6743bf9aeb01aebd4156d009994c5f76ea898d2832c1fe342da923ca457d
  languageName: node
  linkType: hard

"lru-cache@npm:^4.0.1":
  version: 4.1.5
  resolution: "lru-cache@npm:4.1.5"
  dependencies:
    pseudomap: "npm:^1.0.2"
    yallist: "npm:^2.1.2"
  checksum: 10c0/1ca5306814e5add9ec63556d6fd9b24a4ecdeaef8e9cea52cbf30301e6b88c8d8ddc7cab45b59b56eb763e6c45af911585dc89925a074ab65e1502e3fe8103cf
  languageName: node
  linkType: hard

"path-key@npm:^3.1.0":
  version: 3.1.1
  resolution: "path-key@npm:3.1.1"
  checksum: 10c0/748c43efd5a569c039d7a00a03b58eecd1d75f3999f5a28303d75f521288df4823bc057d8784eb72358b2895a05f29a070bc9f1f17d28226cc4e62494cc58c4c
  languageName: node
  linkType: hard

"pseudomap@npm:^1.0.2":
  version: 1.0.2
  resolution: "pseudomap@npm:1.0.2"
  checksum: 10c0/5a91ce114c64ed3a6a553aa7d2943868811377388bb31447f9d8028271bae9b05b340fe0b6961a64e45b9c72946aeb0a4ab635e8f7cb3715ffd0ff2beeb6a679
  languageName: node
  linkType: hard

"react@npm:^19.0.0":
  version: 19.1.1
  resolution: "react@npm:19.1.1"
  checksum: 10c0/8c9769a2dfd02e603af6445058325e6c8a24b47b185d0e461f66a6454765ddcaecb3f0a90184836c68bb509f3c38248359edbc42f0d07c23eb500a5c30c87b4e
  languageName: node
  linkType: hard

"shebang-command@npm:^1.2.0":
  version: 1.2.0
  resolution: "shebang-command@npm:1.2.0"
  dependencies:
    shebang-regex: "npm:^1.0.0"
  checksum: 10c0/7b20dbf04112c456b7fc258622dafd566553184ac9b6938dd30b943b065b21dabd3776460df534cc02480db5e1b6aec44700d985153a3da46e7db7f9bd21326d
  languageName: node
  linkType: hard

"shebang-command@npm:^2.0.0":
  version: 2.0.0
  resolution: "shebang-command@npm:2.0.0"
  dependencies:
    shebang-regex: "npm:^3.0.0"
  checksum: 10c0/a41692e7d89a553ef21d324a5cceb5f686d1f3c040759c50aab69688634688c5c327f26f3ecf7001ebfd78c01f3c7c0a11a7c8bfd0a8bc9f6240d4f40b224e4e
  languageName: node
  linkType: hard

"shebang-regex@npm:^1.0.0":
  version: 1.0.0
  resolution: "shebang-regex@npm:1.0.0"
  checksum: 10c0/9abc45dee35f554ae9453098a13fdc2f1730e525a5eb33c51f096cc31f6f10a4b38074c1ebf354ae7bffa7229506083844008dfc3bb7818228568c0b2dc1fff2
  languageName: node
  linkType: hard

"shebang-regex@npm:^3.0.0":
  version: 3.0.0
  resolution: "shebang-regex@npm:3.0.0"
  checksum: 10c0/1dbed0726dd0e1152a92696c76c7f06084eb32a90f0528d11acd764043aacf76994b2fb30aa1291a21bd019d6699164d048286309a278855ee7bec06cf6fb690
  languageName: node
  linkType: hard

"typescript@npm:latest":
  version: 5.8.3
  resolution: "typescript@npm:5.8.3"
  bin:
    tsc: bin/tsc
    tsserver: bin/tsserver
  checksum: 10c0/5f8bb01196e542e64d44db3d16ee0e4063ce4f3e3966df6005f2588e86d91c03e1fb131c2581baf0fb65ee79669eea6e161cd448178986587e9f6844446dbb48
  languageName: node
  linkType: hard

"typescript@patch:typescript@npm%3Alatest#optional!builtin<compat/typescript>":
  version: 5.8.3
  resolution: "typescript@patch:typescript@npm%3A5.8.3#optional!builtin<compat/typescript>::version=5.8.3&hash=5786d5"
  bin:
    tsc: bin/tsc
    tsserver: bin/tsserver
  checksum: 10c0/39117e346ff8ebd87ae1510b3a77d5d92dae5a89bde588c747d25da5c146603a99c8ee588c7ef80faaf123d89ed46f6dbd918d534d641083177d5fac38b8a1cb
  languageName: node
  linkType: hard

"which@npm:^1.2.9":
  version: 1.3.1
  resolution: "which@npm:1.3.1"
  dependencies:
    isexe: "npm:^2.0.0"
  bin:
    which: ./bin/which
  checksum: 10c0/e945a8b6bbf6821aaaef7f6e0c309d4b615ef35699576d5489b4261da9539f70393c6b2ce700ee4321c18f914ebe5644bc4631b15466ffbaad37d83151f6af59
  languageName: node
  linkType: hard

"which@npm:^2.0.1":
  version: 2.0.2
  resolution: "which@npm:2.0.2"
  dependencies:
    isexe: "npm:^2.0.0"
  bin:
    node-which: ./bin/node-which
  checksum: 10c0/66522872a768b60c2a65a57e8ad184e5372f5b6a9ca6d5f033d4b0dc98aff63995655a7503b9c0a2598936f532120e81dd8cc155e2e92ed662a2b9377cc4374f
  languageName: node
  linkType: hard

"workspace-a@workspace:workspace-a":
  version: 0.0.0-use.local
  resolution: "workspace-a@workspace:workspace-a"
  dependencies:
    foo-a: "workspace:"
    workspace-b: "workspace:"
  languageName: unknown
  linkType: soft

"workspace-b@workspace:, workspace-b@workspace:workspace-b":
  version: 0.0.0-use.local
  resolution: "workspace-b@workspace:workspace-b"
  dependencies:
    cross-env: "catalog:next"
    foo-b: "workspace:"
    react: "npm:^19.0.0"
  languageName: unknown
  linkType: soft

"workspace-c@workspace:, workspace-c@workspace:shared/workspace-c":
  version: 0.0.0-use.local
  resolution: "workspace-c@workspace:shared/workspace-c"
  dependencies:
    cross-env: "catalog:"
  peerDependencies:
    foo-a: "workspace:"
  languageName: unknown
  linkType: soft

"workspace-d@workspace:shared/workspace-d":
  version: 0.0.0-use.local
  resolution: "workspace-d@workspace:shared/workspace-d"
  dependencies:
    workspace-c: "workspace:"
  languageName: unknown
  linkType: soft

"yallist@npm:^2.1.2":
  version: 2.1.2
  resolution: "yallist@npm:2.1.2"
  checksum: 10c0/0b9e25aa00adf19e01d2bcd4b208aee2b0db643d9927131797b7af5ff69480fc80f1c3db738cbf3946f0bddf39d8f2d0a5709c644fd42d4aa3a4e6e786c087b5
  languageName: node
  linkType: hard

"yarn-workspace@workspace:.":
  version: 0.0.0-use.local
  resolution: "yarn-workspace@workspace:."
  dependencies:
    typescript: "npm:latest"
  languageName: unknown
  linkType: soft
